#MicroXplorer Configuration settings - do not modify
ADC.ClockPrescaler=ADC_CLOCK_SYNC_PCLK_DIV4
ADC.IPParameters=ClockPrescaler,SamplingTimeCommon1,SamplingTimeCommon2,Overrun,NbrOfConversion,SelectedChannel
ADC.NbrOfConversion=1
ADC.Overrun=ADC_OVR_DATA_OVERWRITTEN
ADC.SamplingTimeCommon1=ADC_SAMPLETIME_160CYCLES_5
ADC.SamplingTimeCommon2=ADC_SAMPLETIME_160CYCLES_5
ADC.SelectedChannel=ADC_CHANNEL_TEMPSENSOR|ADC_CHANNEL_VREFINT
CAD.formats=
CAD.pinconfig=
CAD.provider=
Dma.Request0=USART1_TX
Dma.RequestsNb=1
Dma.USART1_TX.0.Direction=DMA_MEMORY_TO_PERIPH
Dma.USART1_TX.0.EventEnable=DISABLE
Dma.USART1_TX.0.Instance=DMA1_Channel1
Dma.USART1_TX.0.MemDataAlignment=DMA_MDATAALIGN_BYTE
Dma.USART1_TX.0.MemInc=DMA_MINC_ENABLE
Dma.USART1_TX.0.Mode=DMA_NORMAL
Dma.USART1_TX.0.PeriphDataAlignment=DMA_PDATAALIGN_BYTE
Dma.USART1_TX.0.PeriphInc=DMA_PINC_DISABLE
Dma.USART1_TX.0.Polarity=HAL_DMAMUX_REQ_GEN_RISING
Dma.USART1_TX.0.Priority=DMA_PRIORITY_LOW
Dma.USART1_TX.0.RequestNumber=1
Dma.USART1_TX.0.RequestParameters=Instance,Direction,PeriphInc,MemInc,PeriphDataAlignment,MemDataAlignment,Mode,Priority,SignalID,Polarity,RequestNumber,SyncSignalID,SyncPolarity,SyncEnable,EventEnable,SyncRequestNumber
Dma.USART1_TX.0.SignalID=NONE
Dma.USART1_TX.0.SyncEnable=DISABLE
Dma.USART1_TX.0.SyncPolarity=HAL_DMAMUX_SYNC_NO_EVENT
Dma.USART1_TX.0.SyncRequestNumber=1
Dma.USART1_TX.0.SyncSignalID=NONE
File.Version=6
GPIO.groupedBy=Group By Peripherals
KeepUserPlacement=false
LORAWAN.Activate_DEBUG_LINE=false
LORAWAN.IPParameters=LOW_POWER_DISABLE,Activate_DEBUG_LINE
LORAWAN.LOW_POWER_DISABLE=true
LoRaWAN.BSP.number=3
LoRaWAN0.BSP.STBoard=false
LoRaWAN0.BSP.api=Unknown
LoRaWAN0.BSP.component=
LoRaWAN0.BSP.condition=
LoRaWAN0.BSP.instance=ADC
LoRaWAN0.BSP.ip=ADC
LoRaWAN0.BSP.mode=Vrefint Channel
LoRaWAN0.BSP.name=ADC
LoRaWAN0.BSP.semaphore=
LoRaWAN0.BSP.solution=ADC
LoRaWAN1.BSP.STBoard=false
LoRaWAN1.BSP.api=Unknown
LoRaWAN1.BSP.component=
LoRaWAN1.BSP.condition=
LoRaWAN1.BSP.instance=RTC
LoRaWAN1.BSP.ip=RTC
LoRaWAN1.BSP.mode=RTC Enabled
LoRaWAN1.BSP.name=RTC
LoRaWAN1.BSP.semaphore=
LoRaWAN1.BSP.solution=RTC
LoRaWAN2.BSP.STBoard=false
LoRaWAN2.BSP.api=Unknown
LoRaWAN2.BSP.component=
LoRaWAN2.BSP.condition=
LoRaWAN2.BSP.instance=USART1
LoRaWAN2.BSP.ip=(LPU|US)ART
LoRaWAN2.BSP.mode=Asynchronous
LoRaWAN2.BSP.name=USART
LoRaWAN2.BSP.semaphore=
LoRaWAN2.BSP.solution=USART1
Mcu.CPN=STM32WLE5CCU6
Mcu.Family=STM32WL
Mcu.IP0=ADC
Mcu.IP1=ADV_TRACE
Mcu.IP10=SUBGHZ
Mcu.IP11=SYS
Mcu.IP12=TIMER
Mcu.IP13=TINY_LPM
Mcu.IP14=USART1
Mcu.IP2=DMA
Mcu.IP3=LORAWAN
Mcu.IP4=MISC
Mcu.IP5=NVIC
Mcu.IP6=RCC
Mcu.IP7=RNG
Mcu.IP8=RTC
Mcu.IP9=SEQUENCER
Mcu.IPNb=15
Mcu.Name=STM32WLE5CCUx
Mcu.Package=UFQFPN48
Mcu.Pin0=PB6
Mcu.Pin1=PB7
Mcu.Pin10=VP_ADV_TRACE_VS_ADV_TRACE
Mcu.Pin11=VP_LORAWAN_VS_LoRaWAN
Mcu.Pin12=VP_MISC_VS_MISC
Mcu.Pin13=VP_RNG_VS_RNG
Mcu.Pin14=VP_RTC_VS_RTC_Activate
Mcu.Pin15=VP_RTC_VS_RTC_Calendar
Mcu.Pin16=VP_RTC_VS_RTC_WakeUp_intern
Mcu.Pin17=VP_RTC_VS_RTC_Alarm_A_Intern
Mcu.Pin18=VP_SEQUENCER_VS_SEQUENCER
Mcu.Pin19=VP_SUBGHZ_VS_SUBGHZ
Mcu.Pin2=PB8
Mcu.Pin20=VP_SYS_VS_Systick
Mcu.Pin21=VP_SYS_VS_None
Mcu.Pin22=VP_TIMER_VS_TIMER
Mcu.Pin23=VP_TINY_LPM_VS_TINY_LPM
Mcu.Pin3=OSC_IN
Mcu.Pin4=OSC_OUT
Mcu.Pin5=PC13
Mcu.Pin6=PC14-OSC32_IN
Mcu.Pin7=PC15-OSC32_OUT
Mcu.Pin8=VP_ADC_TempSens_Input
Mcu.Pin9=VP_ADC_Vref_Input
Mcu.PinsNb=24
Mcu.ThirdPartyNb=0
Mcu.UserConstants=
Mcu.UserName=STM32WLE5CCUx
MxCube.Version=6.17.0
MxDb.Version=DB.6.0.170
NVIC.BusFault_IRQn=true\:0\:0\:false\:false\:true\:false\:false\:false
NVIC.DMA1_Channel1_IRQn=true\:0\:0\:false\:false\:true\:false\:true\:true
NVIC.DebugMonitor_IRQn=true\:0\:0\:false\:false\:true\:false\:false\:false
NVIC.ForceEnableDMAVector=true
NVIC.HardFault_IRQn=true\:0\:0\:false\:false\:true\:false\:false\:false
NVIC.MemoryManagement_IRQn=true\:0\:0\:false\:false\:true\:false\:false\:false
NVIC.NonMaskableInt_IRQn=true\:0\:0\:false\:false\:true\:false\:false\:false
NVIC.PendSV_IRQn=true\:0\:0\:false\:false\:true\:false\:false\:false
NVIC.PriorityGroup=NVIC_PRIORITYGROUP_4
NVIC.SUBGHZ_Radio_IRQn=true\:0\:0\:false\:false\:true\:true\:true\:true
NVIC.SVCall_IRQn=true\:0\:0\:false\:false\:true\:false\:false\:false
NVIC.SysTick_IRQn=true\:15\:0\:false\:false\:true\:false\:false\:false
NVIC.TAMP_STAMP_LSECSS_SSRU_IRQn=true\:0\:0\:false\:false\:true\:true\:true\:true
NVIC.TimeBase=None
NVIC.USART1_IRQn=true\:0\:0\:false\:false\:true\:false\:true\:true
NVIC.UsageFault_IRQn=true\:0\:0\:false\:false\:true\:false\:false\:false
OSC_IN.Mode=HSE-External-Oscillator
OSC_IN.Signal=RCC_OSC_IN
OSC_OUT.Mode=HSE-External-Oscillator
OSC_OUT.Signal=RCC_OSC_OUT
PB6.Mode=Asynchronous
PB6.Signal=USART1_TX
PB7.Mode=Asynchronous
PB7.Signal=USART1_RX
PB8.GPIOParameters=GPIO_Label
PB8.GPIO_Label=FE_CTRL2
PB8.Locked=true
PB8.Signal=GPIO_Output
PC13.GPIOParameters=GPIO_Label
PC13.GPIO_Label=FE_CTRL1
PC13.Locked=true
PC13.Signal=GPIO_Output
PC14-OSC32_IN.Mode=LSE-External-Oscillator
PC14-OSC32_IN.Signal=RCC_OSC32_IN
PC15-OSC32_OUT.Mode=LSE-External-Oscillator
PC15-OSC32_OUT.Signal=RCC_OSC32_OUT
PCC.SUBGHZ.FrequencyBand=High
PCC.SUBGHZ.Modulation=FSK
PCC.SUBGHZ.OptionalSettings=false
PCC.SUBGHZ.Output.Power=14
PCC.SUBGHZ.PowerAmplifier=Low Power
PCC.SUBGHZ.RxBoosted=false
PCC.SUBGHZ.SMPS=Off
PinOutPanel.RotationAngle=0
ProjectManager.AskForMigrate=true
ProjectManager.BackupPrevious=false
ProjectManager.CompilerLinker=GCC
ProjectManager.CompilerOptimize=6
ProjectManager.ComputerToolchain=false
ProjectManager.CoupleFile=false
ProjectManager.CustomerFirmwarePackage=
ProjectManager.DefaultFWLocation=true
ProjectManager.DeletePrevious=true
ProjectManager.DeviceId=STM32WLE5CCUx
ProjectManager.FirmwarePackage=STM32Cube FW_WL V1.5.0
ProjectManager.FreePins=false
ProjectManager.FreePinsContext=
ProjectManager.HalAssertFull=false
ProjectManager.HeapSize=0x200
ProjectManager.KeepUserCode=true
ProjectManager.LastFirmware=true
ProjectManager.LibraryCopy=1
ProjectManager.MainLocation=Core/Src
ProjectManager.NoMain=false
ProjectManager.PreviousToolchain=STM32CubeIDE
ProjectManager.ProjectBuild=false
ProjectManager.ProjectFileName=LoRaWAN-868MHz.ioc
ProjectManager.ProjectName=LoRaWAN-868MHz
ProjectManager.ProjectStructure=
ProjectManager.RegisterCallBack=
ProjectManager.StackSize=0x400
ProjectManager.TargetToolchain=STM32CubeIDE
ProjectManager.ToolChainLocation=
ProjectManager.UAScriptAfterPath=
ProjectManager.UAScriptBeforePath=
ProjectManager.UnderRoot=true
ProjectManager.functionlistsort=1-SystemClock_Config-RCC-false-HAL-false,2-MX_GPIO_Init-GPIO-false-HAL-true,3-MX_DMA_Init-DMA-false-HAL-true,4-MX_ADC_Init-ADC-false-HAL-true,5-MX_RNG_Init-RNG-false-HAL-true,6-MX_RTC_Init-RTC-false-HAL-true,7-MX_SUBGHZ_Init-SUBGHZ-true-HAL-false,8-MX_LoRaWAN_Init-LORAWAN-false-HAL-false,9-MX_USART1_UART_Init-USART1-false-HAL-true
RCC.AHBFreq_Value=32000000
RCC.APB1Freq_Value=32000000
RCC.APB1TimFreq_Value=32000000
RCC.APB2Freq_Value=32000000
RCC.APB2TimFreq_Value=32000000
RCC.APB3Freq_Value=32000000
RCC.CortexFreq_Value=32000000
RCC.FCLKCortexFreq_Value=32000000
RCC.FamilyName=M
RCC.HCLK2Freq_Value=4000000
RCC.HCLK3Freq_Value=32000000
RCC.HCLKFreq_Value=32000000
RCC.HSE_VALUE=32000000
RCC.HSI_VALUE=16000000
RCC.I2C1Freq_Value=32000000
RCC.I2C2Freq_Value=32000000
RCC.I2C3Freq_Value=32000000
RCC.I2S2Freq_Value=16000000
RCC.IPParameters=AHBFreq_Value,APB1Freq_Value,APB1TimFreq_Value,APB2Freq_Value,APB2TimFreq_Value,APB3Freq_Value,CortexFreq_Value,FCLKCortexFreq_Value,FamilyName,HCLK2Freq_Value,HCLK3Freq_Value,HCLKFreq_Value,HSE_VALUE,HSI_VALUE,I2C1Freq_Value,I2C2Freq_Value,I2C3Freq_Value,I2S2Freq_Value,LPTIM1Freq_Value,LPTIM2Freq_Value,LPTIM3Freq_Value,LPUART1Freq_Value,LSCOPinFreq_Value,LSE_VALUE,MCO1PinFreq_Value,MSIClockRange,PLLPoutputFreq_Value,PLLQoutputFreq_Value,PLLRCLKFreq_Value,PWRFreq_Value,RNGFreq_Value,RTCClockSelection,RTCFreq_Value,SYSCLKFreq_VALUE,SYSCLKSource,USART1Freq_Value,USART2Freq_Value,VCOInputFreq_Value,VCOOutputFreq_Value
RCC.LPTIM1Freq_Value=32000000
RCC.LPTIM2Freq_Value=32000000
RCC.LPTIM3Freq_Value=32000000
RCC.LPUART1Freq_Value=32000000
RCC.LSCOPinFreq_Value=32000
RCC.LSE_VALUE=32768
RCC.MCO1PinFreq_Value=32000000
RCC.MSIClockRange=RCC_MSIRANGE_11
RCC.PLLPoutputFreq_Value=192000000
RCC.PLLQoutputFreq_Value=192000000
RCC.PLLRCLKFreq_Value=192000000
RCC.PWRFreq_Value=32000000
RCC.RNGFreq_Value=48000000
RCC.RTCClockSelection=RCC_RTCCLKSOURCE_LSE
RCC.RTCFreq_Value=32768
RCC.SYSCLKFreq_VALUE=32000000
RCC.SYSCLKSource=RCC_SYSCLKSOURCE_HSE
RCC.USART1Freq_Value=32000000
RCC.USART2Freq_Value=32000000
RCC.VCOInputFreq_Value=48000000
RCC.VCOOutputFreq_Value=384000000
RTC.Alarm-Alarm\ A=RTC_ALARM_A
RTC.AsynchPrediv=127
RTC.BinMode=RTC_BINARY_ONLY
RTC.IPParameters=AsynchPrediv,BinMode,Alarm-Alarm A
SUBGHZ.BaudratePrescaler=SUBGHZSPI_BAUDRATEPRESCALER_4
SUBGHZ.IPParameters=BaudratePrescaler
USART1.IPParameters=VirtualMode-Asynchronous
USART1.VirtualMode-Asynchronous=VM_ASYNC
VP_ADC_TempSens_Input.Mode=IN-TempSens
VP_ADC_TempSens_Input.Signal=ADC_TempSens_Input
VP_ADC_Vref_Input.Mode=IN-Vrefint
VP_ADC_Vref_Input.Signal=ADC_Vref_Input
VP_ADV_TRACE_VS_ADV_TRACE.Mode=ADV_TRACE_Enabled
VP_ADV_TRACE_VS_ADV_TRACE.Signal=ADV_TRACE_VS_ADV_TRACE
VP_LORAWAN_VS_LoRaWAN.Mode=LoRaWAN_Enabled
VP_LORAWAN_VS_LoRaWAN.Signal=LORAWAN_VS_LoRaWAN
VP_MISC_VS_MISC.Mode=MISC_Enabled
VP_MISC_VS_MISC.Signal=MISC_VS_MISC
VP_RNG_VS_RNG.Mode=RNG_Activate
VP_RNG_VS_RNG.Signal=RNG_VS_RNG
VP_RTC_VS_RTC_Activate.Mode=RTC_Enabled
VP_RTC_VS_RTC_Activate.Signal=RTC_VS_RTC_Activate
VP_RTC_VS_RTC_Alarm_A_Intern.Mode=Alarm A
VP_RTC_VS_RTC_Alarm_A_Intern.Signal=RTC_VS_RTC_Alarm_A_Intern
VP_RTC_VS_RTC_Calendar.Mode=RTC_Calendar
VP_RTC_VS_RTC_Calendar.Signal=RTC_VS_RTC_Calendar
VP_RTC_VS_RTC_WakeUp_intern.Mode=WakeUp
VP_RTC_VS_RTC_WakeUp_intern.Signal=RTC_VS_RTC_WakeUp_intern
VP_SEQUENCER_VS_SEQUENCER.Mode=SEQUENCER_Enabled
VP_SEQUENCER_VS_SEQUENCER.Signal=SEQUENCER_VS_SEQUENCER
VP_SUBGHZ_VS_SUBGHZ.Mode=SUBGHZ_Activate
VP_SUBGHZ_VS_SUBGHZ.Signal=SUBGHZ_VS_SUBGHZ
VP_SYS_VS_None.Signal=SYS_VS_None
VP_SYS_VS_Systick.Mode=SysTick
VP_SYS_VS_Systick.Signal=SYS_VS_Systick
VP_TIMER_VS_TIMER.Mode=TIMER_Enabled
VP_TIMER_VS_TIMER.Signal=TIMER_VS_TIMER
VP_TINY_LPM_VS_TINY_LPM.Mode=TINY_LPM_Enabled
VP_TINY_LPM_VS_TINY_LPM.Signal=TINY_LPM_VS_TINY_LPM
board=custom
